// !\$*UTF8*\$!
{
archiveVersion = 1;
classes = {
};
objectVersion = 54;
objects = {

/\* Begin PBXBuildFile section */
1498D2341E8E89220040F4C2 /* GeneratedPluginRegistrant.m in Sources */ = {isa = PBXBuildFile; fileRef = 1498D2331E8E89220040F4C2 /* GeneratedPluginRegistrant.m */; };
331C808B294A63AB00263BE5 /* RunnerTests.swift in Sources */ = {isa = PBXBuildFile; fileRef = 331C807B294A618700263BE5 /* RunnerTests.swift */; };
3B3967161E833CAA004F5970 /* AppFrameworkInfo.plist in Resources */ = {isa = PBXBuildFile; fileRef = 3B3967151E833CAA004F5970 /* AppFrameworkInfo.plist */; };
74858FAF1ED2DC5600515810 /* AppDelegate.swift in Sources */ = {isa = PBXBuildFile; fileRef = 74858FAE1ED2DC5600515810 /* AppDelegate.swift */; };
97C146FC1CF9000F007C117D /* Main.storyboard in Resources */ = {isa = PBXBuildFile; fileRef = 97C146FA1CF9000F007C117D /* Main.storyboard */; };
97C146FE1CF9000F007C117D /* Assets.xcassets in Resources */ = {isa = PBXBuildFile; fileRef = 97C146FD1CF9000F007C117D /* Assets.xcassets */; };
97C147011CF9000F007C117D /* LaunchScreen.storyboard in Resources */ = {isa = PBXBuildFile; fileRef = 97C146FF1CF9000F007C117D /* LaunchScreen.storyboard */; };
/* End PBXBuildFile section \*/

/\* Begin PBXContainerItemProxy section */
331C8085294A63A400263BE5 /* PBXContainerItemProxy */ = {
isa = PBXContainerItemProxy;
containerPortal = 97C146E61CF9000F007C117D /* Project object */;
proxyType = 1;
remoteGlobalIDString = 97C146ED1CF9000F007C117D;
remoteInfo = Runner;
};
/* End PBXContainerItemProxy section \*/

/\* Begin PBXCopyFilesBuildPhase section */
9705A1C41CF9048500538489 /* Embed Frameworks */ = {
isa = PBXCopyFilesBuildPhase;
buildActionMask = 2147483647;
dstPath = "";
dstSubfolderSpec = 10;
files = (
);
name = "Embed Frameworks";
runOnlyForDeploymentPostprocessing = 0;
};
/* End PBXCopyFilesBuildPhase section \*/

/\* Begin PBXFileReference section */
1498D2321E8E86230040F4C2 /* GeneratedPluginRegistrant.h */ = {isa = PBXFileReference; lastKnownFileType = sourcecode.c.h; path = GeneratedPluginRegistrant.h; sourceTree = "<group>"; };
1498D2331E8E89220040F4C2 /* GeneratedPluginRegistrant.m */ = {isa = PBXFileReference; fileEncoding = 4; lastKnownFileType = sourcecode.c.objc; path = GeneratedPluginRegistrant.m; sourceTree = "<group>"; };
331C807B294A618700263BE5 /* RunnerTests.swift */ = {isa = PBXFileReference; lastKnownFileType = sourcecode.swift; path = RunnerTests.swift; sourceTree = "<group>"; };
331C8081294A63A400263BE5 /* RunnerTests.xctest */ = {isa = PBXFileReference; explicitFileType = wrapper.cfbundle; includeInIndex = 0; path = RunnerTests.xctest; sourceTree = BUILT\_PRODUCTS\_DIR; };
3B3967151E833CAA004F5970 /* AppFrameworkInfo.plist */ = {isa = PBXFileReference; fileEncoding = 4; lastKnownFileType = text.plist.xml; name = AppFrameworkInfo.plist; path = Flutter/AppFrameworkInfo.plist; sourceTree = "<group>"; };
74858FAD1ED2DC5600515810 /* Runner-Bridging-Header.h */ = {isa = PBXFileReference; lastKnownFileType = sourcecode.c.h; path = "Runner-Bridging-Header.h"; sourceTree = "<group>"; };
74858FAE1ED2DC5600515810 /* AppDelegate.swift */ = {isa = PBXFileReference; fileEncoding = 4; lastKnownFileType = sourcecode.swift; path = AppDelegate.swift; sourceTree = "<group>"; };
7AFA3C8E1D35360C0083082E /* Release.xcconfig */ = {isa = PBXFileReference; lastKnownFileType = text.xcconfig; name = Release.xcconfig; path = Flutter/Release.xcconfig; sourceTree = "<group>"; };
9740EEB21CF90195004384FC /* Debug.xcconfig */ = {isa = PBXFileReference; fileEncoding = 4; lastKnownFileType = text.xcconfig; name = Debug.xcconfig; path = Flutter/Debug.xcconfig; sourceTree = "<group>"; };
9740EEB31CF90195004384FC /* Generated.xcconfig */ = {isa = PBXFileReference; fileEncoding = 4; lastKnownFileType = text.xcconfig; name = Generated.xcconfig; path = Flutter/Generated.xcconfig; sourceTree = "<group>"; };
97C146EE1CF9000F007C117D /* Runner.app */ = {isa = PBXFileReference; explicitFileType = wrapper.application; includeInIndex = 0; path = Runner.app; sourceTree = BUILT\_PRODUCTS\_DIR; };
97C146FB1CF9000F007C117D /* Base */ = {isa = PBXFileReference; lastKnownFileType = file.storyboard; name = Base; path = Base.lproj/Main.storyboard; sourceTree = "<group>"; };
97C146FD1CF9000F007C117D /* Assets.xcassets */ = {isa = PBXFileReference; lastKnownFileType = folder.assetcatalog; path = Assets.xcassets; sourceTree = "<group>"; };
97C147001CF9000F007C117D /* Base */ = {isa = PBXFileReference; lastKnownFileType = file.storyboard; name = Base; path = Base.lproj/LaunchScreen.storyboard; sourceTree = "<group>"; };
97C147021CF9000F007C117D /* Info.plist */ = {isa = PBXFileReference; lastKnownFileType = text.plist.xml; path = Info.plist; sourceTree = "<group>"; };
/* End PBXFileReference section \*/

/\* Begin PBXFrameworksBuildPhase section */
97C146EB1CF9000F007C117D /* Frameworks */ = {
isa = PBXFrameworksBuildPhase;
buildActionMask = 2147483647;
files = (
);
runOnlyForDeploymentPostprocessing = 0;
};
/* End PBXFrameworksBuildPhase section \*/

/\* Begin PBXGroup section */
9740EEB11CF90186004384FC /* Flutter */ = {
isa = PBXGroup;
children = (
3B3967151E833CAA004F5970 /* AppFrameworkInfo.plist */,
9740EEB21CF90195004384FC /* Debug.xcconfig */,
7AFA3C8E1D35360C0083082E /* Release.xcconfig */,
9740EEB31CF90195004384FC /* Generated.xcconfig */,
);
name = Flutter;
sourceTree = "<group>";
};
/* End PBXGroup section \*/

/\* Begin XCBuildConfiguration section */
97C147061CF9000F007C117D /* Debug */ = {
isa = XCBuildConfiguration;
baseConfigurationReference = 9740EEB21CF90195004384FC /* Debug.xcconfig */;
buildSettings = {
ASSETCATALOG\_COMPILER\_APPICON\_NAME = AppIcon;
CLANG\_ENABLE\_MODULES = YES;
CURRENT\_PROJECT\_VERSION = 1001;
ENABLE\_BITCODE = NO;
INFOPLIST\_FILE = Runner/Info.plist;
LD\_RUNPATH\_SEARCH\_PATHS = (
"\$(inherited)",
"@executable\_path/Frameworks",
);
PRODUCT\_BUNDLE\_IDENTIFIER = com.ghafli78.kitcheninventory;
PRODUCT\_NAME = "\$(TARGET\_NAME)";
SWIFT\_OBJC\_BRIDGING\_HEADER = "Runner/Runner-Bridging-Header.h";
SWIFT\_OPTIMIZATION\_LEVEL = "-Onone";
SWIFT\_VERSION = 5.0;
VERSIONING\_SYSTEM = "apple-generic";
MARKETING\_VERSION = 1.0.10;
};
name = Debug;
};
97C147071CF9000F007C117D /* Release */ = {
isa = XCBuildConfiguration;
baseConfigurationReference = 7AFA3C8E1D35360C0083082E /* Release.xcconfig */;
buildSettings = {
ASSETCATALOG\_COMPILER\_APPICON\_NAME = AppIcon;
CLANG\_ENABLE\_MODULES = YES;
CURRENT\_PROJECT\_VERSION = 1001;
ENABLE\_BITCODE = NO;
INFOPLIST\_FILE = Runner/Info.plist;
LD\_RUNPATH\_SEARCH\_PATHS = (
"\$(inherited)",
"@executable\_path/Frameworks",
);
PRODUCT\_BUNDLE\_IDENTIFIER = com.ghafli78.kitcheninventory;
PRODUCT\_NAME = "\$(TARGET\_NAME)";
SWIFT\_OBJC\_BRIDGING\_HEADER = "Runner/Runner-Bridging-Header.h";
SWIFT\_VERSION = 5.0;
VERSIONING\_SYSTEM = "apple-generic";
MARKETING\_VERSION = 1.0.10;
};
name = Release;
};
249021D4217E4FDB00AE95B9 /* Profile */ = {
isa = XCBuildConfiguration;
baseConfigurationReference = 7AFA3C8E1D35360C0083082E /* Release.xcconfig */;
buildSettings = {
ASSETCATALOG\_COMPILER\_APPICON\_NAME = AppIcon;
CLANG\_ENABLE\_MODULES = YES;
CURRENT\_PROJECT\_VERSION = 1001;
ENABLE\_BITCODE = NO;
INFOPLIST\_FILE = Runner/Info.plist;
LD\_RUNPATH\_SEARCH\_PATHS = (
"\$(inherited)",
"@executable\_path/Frameworks",
);
PRODUCT\_BUNDLE\_IDENTIFIER = com.ghafli78.kitcheninventory;
PRODUCT\_NAME = "\$(TARGET\_NAME)";
SWIFT\_OBJC\_BRIDGING\_HEADER = "Runner/Runner-Bridging-Header.h";
SWIFT\_VERSION = 5.0;
VERSIONING\_SYSTEM = "apple-generic";
MARKETING\_VERSION = 1.0.10;
};
name = Profile;
};
/* End XCBuildConfiguration section \*/

```
};
rootObject = 97C146E61CF9000F007C117D /* Project object */;
```

}
